
Microsoft Visual Studio Solution File, Format Version 12.00
# Visual Studio 2013
VisualStudioVersion = 12.0.40629.0
MinimumVisualStudioVersion = 10.0.40219.1
Project("{FAE04EC0-301F-11D3-BF4B-00C04F79EFBC}") = "P4ViewProject", "P4ViewProject\P4ViewProject.csproj", "{0AE8F2CE-2A10-476D-A716-05ECDFFCC923}"
EndProject
Project("{00D1A9C2-B5F0-4AF3-8072-F6C62B433612}") = "Database1", "..\..\Database1\Database1.sqlproj", "{9CFFD067-3E77-40D9-ABB5-245C35A4C3C2}"
EndProject
Global
	GlobalSection(SolutionConfigurationPlatforms) = preSolution
		Debug|Any CPU = Debug|Any CPU
		Release|Any CPU = Release|Any CPU
	EndGlobalSection
	GlobalSection(ProjectConfigurationPlatforms) = postSolution
		{0AE8F2CE-2A10-476D-A716-05ECDFFCC923}.Debug|Any CPU.ActiveCfg = Debug|Any CPU
		{0AE8F2CE-2A10-476D-A716-05ECDFFCC923}.Debug|Any CPU.Build.0 = Debug|Any CPU
		{0AE8F2CE-2A10-476D-A716-05ECDFFCC923}.Release|Any CPU.ActiveCfg = Release|Any CPU
		{0AE8F2CE-2A10-476D-A716-05ECDFFCC923}.Release|Any CPU.Build.0 = Release|Any CPU
		{9CFFD067-3E77-40D9-ABB5-245C35A4C3C2}.Debug|Any CPU.ActiveCfg = Debug|Any CPU
		{9CFFD067-3E77-40D9-ABB5-245C35A4C3C2}.Debug|Any CPU.Build.0 = Debug|Any CPU
		{9CFFD067-3E77-40D9-ABB5-245C35A4C3C2}.Debug|Any CPU.Deploy.0 = Debug|Any CPU
		{9CFFD067-3E77-40D9-ABB5-245C35A4C3C2}.Release|Any CPU.ActiveCfg = Release|Any CPU
		{9CFFD067-3E77-40D9-ABB5-245C35A4C3C2}.Release|Any CPU.Build.0 = Release|Any CPU
		{9CFFD067-3E77-40D9-ABB5-245C35A4C3C2}.Release|Any CPU.Deploy.0 = Release|Any CPU
	EndGlobalSection
	GlobalSection(SolutionProperties) = preSolution
		HideSolutionNode = FALSE
	EndGlobalSection
EndGlobal
